// !$*UTF8*$!
{
	archiveVersion = 1;
	classes = {
	};
	objectVersion = 56;
	objects = {

/* Begin PBXBuildFile section */
		114C2850402790A5145961FD /* Pods_TravelNotes.framework in Frameworks */ = {isa = PBXBuildFile; fileRef = 1A159738E53A764E6E869D51 /* Pods_TravelNotes.framework */; };
		F97FEDA72995291000C76F55 /* AppDelegate.swift in Sources */ = {isa = PBXBuildFile; fileRef = F97FEDA62995291000C76F55 /* AppDelegate.swift */; };
		F97FEDA92995291000C76F55 /* SceneDelegate.swift in Sources */ = {isa = PBXBuildFile; fileRef = F97FEDA82995291000C76F55 /* SceneDelegate.swift */; };
		F97FEDAB2995291000C76F55 /* ViewController.swift in Sources */ = {isa = PBXBuildFile; fileRef = F97FEDAA2995291000C76F55 /* ViewController.swift */; };
		F97FEDAE2995291000C76F55 /* Main.storyboard in Resources */ = {isa = PBXBuildFile; fileRef = F97FEDAC2995291000C76F55 /* Main.storyboard */; };
		F97FEDB12995291000C76F55 /* TravelNotes.xcdatamodeld in Sources */ = {isa = PBXBuildFile; fileRef = F97FEDAF2995291000C76F55 /* TravelNotes.xcdatamodeld */; };
		F97FEDB32995291100C76F55 /* Assets.xcassets in Resources */ = {isa = PBXBuildFile; fileRef = F97FEDB22995291100C76F55 /* Assets.xcassets */; };
		F97FEDB62995291100C76F55 /* LaunchScreen.storyboard in Resources */ = {isa = PBXBuildFile; fileRef = F97FEDB42995291100C76F55 /* LaunchScreen.storyboard */; };
/* End PBXBuildFile section */

/* Begin PBXFileReference section */
		163D9BABA4136CFFA809C116 /* Pods-TravelNotes.release.xcconfig */ = {isa = PBXFileReference; includeInIndex = 1; lastKnownFileType = text.xcconfig; name = "Pods-TravelNotes.release.xcconfig"; path = "Target Support Files/Pods-TravelNotes/Pods-TravelNotes.release.xcconfig"; sourceTree = "<group>"; };
		1A159738E53A764E6E869D51 /* Pods_TravelNotes.framework */ = {isa = PBXFileReference; explicitFileType = wrapper.framework; includeInIndex = 0; path = Pods_TravelNotes.framework; sourceTree = BUILT_PRODUCTS_DIR; };
		BFA61332826EA1E72CBA66F0 /* Pods-TravelNotes.debug.xcconfig */ = {isa = PBXFileReference; includeInIndex = 1; lastKnownFileType = text.xcconfig; name = "Pods-TravelNotes.debug.xcconfig"; path = "Target Support Files/Pods-TravelNotes/Pods-TravelNotes.debug.xcconfig"; sourceTree = "<group>"; };
		F97FEDA32995291000C76F55 /* TravelNotes.app */ = {isa = PBXFileReference; explicitFileType = wrapper.application; includeInIndex = 0; path = TravelNotes.app; sourceTree = BUILT_PRODUCTS_DIR; };
		F97FEDA62995291000C76F55 /* AppDelegate.swift */ = {isa = PBXFileReference; lastKnownFileType = sourcecode.swift; path = AppDelegate.swift; sourceTree = "<group>"; };
		F97FEDA82995291000C76F55 /* SceneDelegate.swift */ = {isa = PBXFileReference; lastKnownFileType = sourcecode.swift; path = SceneDelegate.swift; sourceTree = "<group>"; };
		F97FEDAA2995291000C76F55 /* ViewController.swift */ = {isa = PBXFileReference; lastKnownFileType = sourcecode.swift; path = ViewController.swift; sourceTree = "<group>"; };
		F97FEDAD2995291000C76F55 /* Base */ = {isa = PBXFileReference; lastKnownFileType = file.storyboard; name = Base; path = Base.lproj/Main.storyboard; sourceTree = "<group>"; };
		F97FEDB02995291000C76F55 /* TravelNotes.xcdatamodel */ = {isa = PBXFileReference; lastKnownFileType = wrapper.xcdatamodel; path = TravelNotes.xcdatamodel; sourceTree = "<group>"; };
		F97FEDB22995291100C76F55 /* Assets.xcassets */ = {isa = PBXFileReference; lastKnownFileType = folder.assetcatalog; path = Assets.xcassets; sourceTree = "<group>"; };
		F97FEDB52995291100C76F55 /* Base */ = {isa = PBXFileReference; lastKnownFileType = file.storyboard; name = Base; path = Base.lproj/LaunchScreen.storyboard; sourceTree = "<group>"; };
		F97FEDB72995291100C76F55 /* Info.plist */ = {isa = PBXFileReference; lastKnownFileType = text.plist.xml; path = Info.plist; sourceTree = "<group>"; };
/* End PBXFileReference section */

/* Begin PBXFrameworksBuildPhase section */
		F97FEDA02995291000C76F55 /* Frameworks */ = {
			isa = PBXFrameworksBuildPhase;
			buildActionMask = 2147483647;
			files = (
				114C2850402790A5145961FD /* Pods_TravelNotes.framework in Frameworks */,
			);
			runOnlyForDeploymentPostprocessing = 0;
		};
/* End PBXFrameworksBuildPhase section */

/* Begin PBXGroup section */
		7527F6C7DF3938F352FFEE32 /* Pods */ = {
			isa = PBXGroup;
			children = (
				BFA61332826EA1E72CBA66F0 /* Pods-TravelNotes.debug.xcconfig */,
				163D9BABA4136CFFA809C116 /* Pods-TravelNotes.release.xcconfig */,
			);
			name = Pods;
			path = Pods;
			sourceTree = "<group>";
		};
		CCFFFFBED82D3CD6D654C6F8 /* Frameworks */ = {
			isa = PBXGroup;
			children = (
				1A159738E53A764E6E869D51 /* Pods_TravelNotes.framework */,
			);
			name = Frameworks;
			sourceTree = "<group>";
		};
		F97FED9A2995291000C76F55 = {
			isa = PBXGroup;
			children = (
				F97FEDA52995291000C76F55 /* TravelNotes */,
				F97FEDA42995291000C76F55 /* Products */,
				7527F6C7DF3938F352FFEE32 /* Pods */,
				CCFFFFBED82D3CD6D654C6F8 /* Frameworks */,
			);
			sourceTree = "<group>";
		};
		F97FEDA42995291000C76F55 /* Products */ = {
			isa = PBXGroup;
			children = (
				F97FEDA32995291000C76F55 /* TravelNotes.app */,
			);
			name = Products;
			sourceTree = "<group>";
		};
		F97FEDA52995291000C76F55 /* TravelNotes */ = {
			isa = PBXGroup;
			children = (
				F97FEDA62995291000C76F55 /* AppDelegate.swift */,
				F97FEDA82995291000C76F55 /* SceneDelegate.swift */,
				F97FEDAA2995291000C76F55 /* ViewController.swift */,
				F97FEDAC2995291000C76F55 /* Main.storyboard */,
				F97FEDB22995291100C76F55 /* Assets.xcassets */,
				F97FEDB42995291100C76F55 /* LaunchScreen.storyboard */,
				F97FEDB72995291100C76F55 /* Info.plist */,
				F97FEDAF2995291000C76F55 /* TravelNotes.xcdatamodeld */,
			);
			path = TravelNotes;
			sourceTree = "<group>";
		};
/* End PBXGroup section */

/* Begin PBXNativeTarget section */
		F97FEDA22995291000C76F55 /* TravelNotes */ = {
			isa = PBXNativeTarget;
			buildConfigurationList = F97FEDBA2995291100C76F55 /* Build configuration list for PBXNativeTarget "TravelNotes" */;
			buildPhases = (
				E8B607AE9D203E655624C848 /* [CP] Check Pods Manifest.lock */,
				F97FED9F2995291000C76F55 /* Sources */,
				F97FEDA02995291000C76F55 /* Frameworks */,
				F97FEDA12995291000C76F55 /* Resources */,
				1E6DFA6B3F0DFEAF0388B44E /* [CP] Embed Pods Frameworks */,
			);
			buildRules = (
			);
			dependencies = (
			);
			name = TravelNotes;
			productName = TravelNotes;
			productReference = F97FEDA32995291000C76F55 /* TravelNotes.app */;
			productType = "com.apple.product-type.application";
		};
/* End PBXNativeTarget section */

/* Begin PBXProject section */
		F97FED9B2995291000C76F55 /* Project object */ = {
			isa = PBXProject;
			attributes = {
				BuildIndependentTargetsInParallel = 1;
				LastSwiftUpdateCheck = 1420;
				LastUpgradeCheck = 1420;
				TargetAttributes = {
					F97FEDA22995291000C76F55 = {
						CreatedOnToolsVersion = 14.2;
					};
				};
			};
			buildConfigurationList = F97FED9E2995291000C76F55 /* Build configuration list for PBXProject "TravelNotes" */;
			compatibilityVersion = "Xcode 14.0";
			developmentRegion = en;
			hasScannedForEncodings = 0;
			knownRegions = (
				en,
				Base,
			);
			mainGroup = F97FED9A2995291000C76F55;
			productRefGroup = F97FEDA42995291000C76F55 /* Products */;
			projectDirPath = "";
			projectRoot = "";
			targets = (
				F97FEDA22995291000C76F55 /* TravelNotes */,
			);
		};
/* End PBXProject section */

/* Begin PBXResourcesBuildPhase section */
		F97FEDA12995291000C76F55 /* Resources */ = {
			isa = PBXResourcesBuildPhase;
			buildActionMask = 2147483647;
			files = (
				F97FEDB62995291100C76F55 /* LaunchScreen.storyboard in Resources */,
				F97FEDB32995291100C76F55 /* Assets.xcassets in Resources */,
				F97FEDAE2995291000C76F55 /* Main.storyboard in Resources */,
			);
			runOnlyForDeploymentPostprocessing = 0;
		};
/* End PBXResourcesBuildPhase section */

/* Begin PBXShellScriptBuildPhase section */
		1E6DFA6B3F0DFEAF0388B44E /* [CP] Embed Pods Frameworks */ = {
			isa = PBXShellScriptBuildPhase;
			buildActionMask = 2147483647;
			files = (
			);
			inputFileListPaths = (
				"${PODS_ROOT}/Target Support Files/Pods-TravelNotes/Pods-TravelNotes-frameworks-${CONFIGURATION}-input-files.xcfilelist",
			);
			name = "[CP] Embed Pods Frameworks";
			outputFileListPaths = (
				"${PODS_ROOT}/Target Support Files/Pods-TravelNotes/Pods-TravelNotes-frameworks-${CONFIGURATION}-output-files.xcfilelist",
			);
			runOnlyForDeploymentPostprocessing = 0;
			shellPath = /bin/sh;
			shellScript = "\"${PODS_ROOT}/Target Support Files/Pods-TravelNotes/Pods-TravelNotes-frameworks.sh\"\n";
			showEnvVarsInLog = 0;
		};
		E8B607AE9D203E655624C848 /* [CP] Check Pods Manifest.lock */ = {
			isa = PBXShellScriptBuildPhase;
			buildActionMask = 2147483647;
			files = (
			);
			inputFileListPaths = (
			);
			inputPaths = (
				"${PODS_PODFILE_DIR_PATH}/Podfile.lock",
				"${PODS_ROOT}/Manifest.lock",
			);
			name = "[CP] Check Pods Manifest.lock";
			outputFileListPaths = (
			);
			outputPaths = (
				"$(DERIVED_FILE_DIR)/Pods-TravelNotes-checkManifestLockResult.txt",
			);
			runOnlyForDeploymentPostprocessing = 0;
			shellPath = /bin/sh;
			shellScript = "diff \"${PODS_PODFILE_DIR_PATH}/Podfile.lock\" \"${PODS_ROOT}/Manifest.lock\" > /dev/null\nif [ $? != 0 ] ; then\n    # print error to STDERR\n    echo \"error: The sandbox is not in sync with the Podfile.lock. Run 'pod install' or update your CocoaPods installation.\" >&2\n    exit 1\nfi\n# This output is used by Xcode 'outputs' to avoid re-running this script phase.\necho \"SUCCESS\" > \"${SCRIPT_OUTPUT_FILE_0}\"\n";
			showEnvVarsInLog = 0;
		};
/* End PBXShellScriptBuildPhase section */

/* Begin PBXSourcesBuildPhase section */
		F97FED9F2995291000C76F55 /* Sources */ = {
			isa = PBXSourcesBuildPhase;
			buildActionMask = 2147483647;
			files = (
				F97FEDAB2995291000C76F55 /* ViewController.swift in Sources */,
				F97FEDA72995291000C76F55 /* AppDelegate.swift in Sources */,
				F97FEDA92995291000C76F55 /* SceneDelegate.swift in Sources */,
				F97FEDB12995291000C76F55 /* TravelNotes.xcdatamodeld in Sources */,
			);
			runOnlyForDeploymentPostprocessing = 0;
		};
/* End PBXSourcesBuildPhase section */

/* Begin PBXVariantGroup section */
		F97FEDAC2995291000C76F55 /* Main.storyboard */ = {
			isa = PBXVariantGroup;
			children = (
				F97FEDAD2995291000C76F55 /* Base */,
			);
			name = Main.storyboard;
			sourceTree = "<group>";
		};
		F97FEDB42995291100C76F55 /* LaunchScreen.storyboard */ = {
			isa = PBXVariantGroup;
			children = (
				F97FEDB52995291100C76F55 /* Base */,
			);
			name = LaunchScreen.storyboard;
			sourceTree = "<group>";
		};
/* End PBXVariantGroup section */

/* Begin XCBuildConfiguration section */
		F97FEDB82995291100C76F55 /* Debug */ = {
			isa = XCBuildConfiguration;
			buildSettings = {
				ALWAYS_SEARCH_USER_PATHS = NO;
				CLANG_ANALYZER_NONNULL = YES;
				CLANG_ANALYZER_NUMBER_OBJECT_CONVERSION = YES_AGGRESSIVE;
				CLANG_CXX_LANGUAGE_STANDARD = "gnu++20";
				CLANG_ENABLE_MODULES = YES;
				CLANG_ENABLE_OBJC_ARC = YES;
				CLANG_ENABLE_OBJC_WEAK = YES;
				CLANG_WARN_BLOCK_CAPTURE_AUTORELEASING = YES;
				CLANG_WARN_BOOL_CONVERSION = YES;
				CLANG_WARN_COMMA = YES;
				CLANG_WARN_CONSTANT_CONVERSION = YES;
				CLANG_WARN_DEPRECATED_OBJC_IMPLEMENTATIONS = YES;
				CLANG_WARN_DIRECT_OBJC_ISA_USAGE = YES_ERROR;
				CLANG_WARN_DOCUMENTATION_COMMENTS = YES;
				CLANG_WARN_EMPTY_BODY = YES;
				CLANG_WARN_ENUM_CONVERSION = YES;
				CLANG_WARN_INFINITE_RECURSION = YES;
				CLANG_WARN_INT_CONVERSION = YES;
				CLANG_WARN_NON_LITERAL_NULL_CONVERSION = YES;
				CLANG_WARN_OBJC_IMPLICIT_RETAIN_SELF = YES;
				CLANG_WARN_OBJC_LITERAL_CONVERSION = YES;
				CLANG_WARN_OBJC_ROOT_CLASS = YES_ERROR;
				CLANG_WARN_QUOTED_INCLUDE_IN_FRAMEWORK_HEADER = YES;
				CLANG_WARN_RANGE_LOOP_ANALYSIS = YES;
				CLANG_WARN_STRICT_PROTOTYPES = YES;
				CLANG_WARN_SUSPICIOUS_MOVE = YES;
				CLANG_WARN_UNGUARDED_AVAILABILITY = YES_AGGRESSIVE;
				CLANG_WARN_UNREACHABLE_CODE = YES;
				CLANG_WARN__DUPLICATE_METHOD_MATCH = YES;
				COPY_PHASE_STRIP = NO;
				DEBUG_INFORMATION_FORMAT = dwarf;
				ENABLE_STRICT_OBJC_MSGSEND = YES;
				ENABLE_TESTABILITY = YES;
				GCC_C_LANGUAGE_STANDARD = gnu11;
				GCC_DYNAMIC_NO_PIC = NO;
				GCC_NO_COMMON_BLOCKS = YES;
				GCC_OPTIMIZATION_LEVEL = 0;
				GCC_PREPROCESSOR_DEFINITIONS = (
					"DEBUG=1",
					"$(inherited)",
				);
				GCC_WARN_64_TO_32_BIT_CONVERSION = YES;
				GCC_WARN_ABOUT_RETURN_TYPE = YES_ERROR;
				GCC_WARN_UNDECLARED_SELECTOR = YES;
				GCC_WARN_UNINITIALIZED_AUTOS = YES_AGGRESSIVE;
				GCC_WARN_UNUSED_FUNCTION = YES;
				GCC_WARN_UNUSED_VARIABLE = YES;
				IPHONEOS_DEPLOYMENT_TARGET = 16.2;
				MTL_ENABLE_DEBUG_INFO = INCLUDE_SOURCE;
				MTL_FAST_MATH = YES;
				ONLY_ACTIVE_ARCH = YES;
				SDKROOT = iphoneos;
				SWIFT_ACTIVE_COMPILATION_CONDITIONS = DEBUG;
				SWIFT_OPTIMIZATION_LEVEL = "-Onone";
			};
			name = Debug;
		};
		F97FEDB92995291100C76F55 /* Release */ = {
			isa = XCBuildConfiguration;
			buildSettings = {
				ALWAYS_SEARCH_USER_PATHS = NO;
				CLANG_ANALYZER_NONNULL = YES;
				CLANG_ANALYZER_NUMBER_OBJECT_CONVERSION = YES_AGGRESSIVE;
				CLANG_CXX_LANGUAGE_STANDARD = "gnu++20";
				CLANG_ENABLE_MODULES = YES;
				CLANG_ENABLE_OBJC_ARC = YES;
				CLANG_ENABLE_OBJC_WEAK = YES;
				CLANG_WARN_BLOCK_CAPTURE_AUTORELEASING = YES;
				CLANG_WARN_BOOL_CONVERSION = YES;
				CLANG_WARN_COMMA = YES;
				CLANG_WARN_CONSTANT_CONVERSION = YES;
				CLANG_WARN_DEPRECATED_OBJC_IMPLEMENTATIONS = YES;
				CLANG_WARN_DIRECT_OBJC_ISA_USAGE = YES_ERROR;
				CLANG_WARN_DOCUMENTATION_COMMENTS = YES;
				CLANG_WARN_EMPTY_BODY = YES;
				CLANG_WARN_ENUM_CONVERSION = YES;
				CLANG_WARN_INFINITE_RECURSION = YES;
				CLANG_WARN_INT_CONVERSION = YES;
				CLANG_WARN_NON_LITERAL_NULL_CONVERSION = YES;
				CLANG_WARN_OBJC_IMPLICIT_RETAIN_SELF = YES;
				CLANG_WARN_OBJC_LITERAL_CONVERSION = YES;
				CLANG_WARN_OBJC_ROOT_CLASS = YES_ERROR;
				CLANG_WARN_QUOTED_INCLUDE_IN_FRAMEWORK_HEADER = YES;
				CLANG_WARN_RANGE_LOOP_ANALYSIS = YES;
				CLANG_WARN_STRICT_PROTOTYPES = YES;
				CLANG_WARN_SUSPICIOUS_MOVE = YES;
				CLANG_WARN_UNGUARDED_AVAILABILITY = YES_AGGRESSIVE;
				CLANG_WARN_UNREACHABLE_CODE = YES;
				CLANG_WARN__DUPLICATE_METHOD_MATCH = YES;
				COPY_PHASE_STRIP = NO;
				DEBUG_INFORMATION_FORMAT = "dwarf-with-dsym";
				ENABLE_NS_ASSERTIONS = NO;
				ENABLE_STRICT_OBJC_MSGSEND = YES;
				GCC_C_LANGUAGE_STANDARD = gnu11;
				GCC_NO_COMMON_BLOCKS = YES;
				GCC_WARN_64_TO_32_BIT_CONVERSION = YES;
				GCC_WARN_ABOUT_RETURN_TYPE = YES_ERROR;
				GCC_WARN_UNDECLARED_SELECTOR = YES;
				GCC_WARN_UNINITIALIZED_AUTOS = YES_AGGRESSIVE;
				GCC_WARN_UNUSED_FUNCTION = YES;
				GCC_WARN_UNUSED_VARIABLE = YES;
				IPHONEOS_DEPLOYMENT_TARGET = 16.2;
				MTL_ENABLE_DEBUG_INFO = NO;
				MTL_FAST_MATH = YES;
				SDKROOT = iphoneos;
				SWIFT_COMPILATION_MODE = wholemodule;
				SWIFT_OPTIMIZATION_LEVEL = "-O";
				VALIDATE_PRODUCT = YES;
			};
			name = Release;
		};
		F97FEDBB2995291100C76F55 /* Debug */ = {
			isa = XCBuildConfiguration;
			baseConfigurationReference = BFA61332826EA1E72CBA66F0 /* Pods-TravelNotes.debug.xcconfig */;
			buildSettings = {
				ASSETCATALOG_COMPILER_APPICON_NAME = AppIcon;
				ASSETCATALOG_COMPILER_GLOBAL_ACCENT_COLOR_NAME = AccentColor;
				CODE_SIGN_STYLE = Automatic;
				CURRENT_PROJECT_VERSION = 1;
				GENERATE_INFOPLIST_FILE = YES;
				INFOPLIST_FILE = TravelNotes/Info.plist;
				INFOPLIST_KEY_UIApplicationSupportsIndirectInputEvents = YES;
				INFOPLIST_KEY_UILaunchStoryboardName = LaunchScreen;
				INFOPLIST_KEY_UIMainStoryboardFile = Main;
				INFOPLIST_KEY_UISupportedInterfaceOrientations_iPad = "UIInterfaceOrientationPortrait UIInterfaceOrientationPortraitUpsideDown UIInterfaceOrientationLandscapeLeft UIInterfaceOrientationLandscapeRight";
				INFOPLIST_KEY_UISupportedInterfaceOrientations_iPhone = "UIInterfaceOrientationPortrait UIInterfaceOrientationLandscapeLeft UIInterfaceOrientationLandscapeRight";
				LD_RUNPATH_SEARCH_PATHS = (
					"$(inherited)",
					"@executable_path/Frameworks",
				);
				MARKETING_VERSION = 1.0;
				PRODUCT_BUNDLE_IDENTIFIER = com.google.tn.TravelNotes;
				PRODUCT_NAME = "$(TARGET_NAME)";
				SWIFT_EMIT_LOC_STRINGS = YES;
				SWIFT_VERSION = 5.0;
				TARGETED_DEVICE_FAMILY = "1,2";
			};
			name = Debug;
		};
		F97FEDBC2995291100C76F55 /* Release */ = {
			isa = XCBuildConfiguration;
			baseConfigurationReference = 163D9BABA4136CFFA809C116 /* Pods-TravelNotes.release.xcconfig */;
			buildSettings = {
				ASSETCATALOG_COMPILER_APPICON_NAME = AppIcon;
				ASSETCATALOG_COMPILER_GLOBAL_ACCENT_COLOR_NAME = AccentColor;
				CODE_SIGN_STYLE = Automatic;
				CURRENT_PROJECT_VERSION = 1;
				GENERATE_INFOPLIST_FILE = YES;
				INFOPLIST_FILE = TravelNotes/Info.plist;
				INFOPLIST_KEY_UIApplicationSupportsIndirectInputEvents = YES;
				INFOPLIST_KEY_UILaunchStoryboardName = LaunchScreen;
				INFOPLIST_KEY_UIMainStoryboardFile = Main;
				INFOPLIST_KEY_UISupportedInterfaceOrientations_iPad = "UIInterfaceOrientationPortrait UIInterfaceOrientationPortraitUpsideDown UIInterfaceOrientationLandscapeLeft UIInterfaceOrientationLandscapeRight";
				INFOPLIST_KEY_UISupportedInterfaceOrientations_iPhone = "UIInterfaceOrientationPortrait UIInterfaceOrientationLandscapeLeft UIInterfaceOrientationLandscapeRight";
				LD_RUNPATH_SEARCH_PATHS = (
					"$(inherited)",
					"@executable_path/Frameworks",
				);
				MARKETING_VERSION = 1.0;
				PRODUCT_BUNDLE_IDENTIFIER = com.google.tn.TravelNotes;
				PRODUCT_NAME = "$(TARGET_NAME)";
				SWIFT_EMIT_LOC_STRINGS = YES;
				SWIFT_VERSION = 5.0;
				TARGETED_DEVICE_FAMILY = "1,2";
			};
			name = Release;
		};
/* End XCBuildConfiguration section */

/* Begin XCConfigurationList section */
		F97FED9E2995291000C76F55 /* Build configuration list for PBXProject "TravelNotes" */ = {
			isa = XCConfigurationList;
			buildConfigurations = (
				F97FEDB82995291100C76F55 /* Debug */,
				F97FEDB92995291100C76F55 /* Release */,
			);
			defaultConfigurationIsVisible = 0;
			defaultConfigurationName = Release;
		};
		F97FEDBA2995291100C76F55 /* Build configuration list for PBXNativeTarget "TravelNotes" */ = {
			isa = XCConfigurationList;
			buildConfigurations = (
				F97FEDBB2995291100C76F55 /* Debug */,
				F97FEDBC2995291100C76F55 /* Release */,
			);
			defaultConfigurationIsVisible = 0;
			defaultConfigurationName = Release;
		};
/* End XCConfigurationList section */

/* Begin XCVersionGroup section */
		F97FEDAF2995291000C76F55 /* TravelNotes.xcdatamodeld */ = {
			isa = XCVersionGroup;
			children = (
				F97FEDB02995291000C76F55 /* TravelNotes.xcdatamodel */,
			);
			currentVersion = F97FEDB02995291000C76F55 /* TravelNotes.xcdatamodel */;
			path = TravelNotes.xcdatamodeld;
			sourceTree = "<group>";
			versionGroupType = wrapper.xcdatamodel;
		};
/* End XCVersionGroup section */
	};
	rootObject = F97FED9B2995291000C76F55 /* Project object */;
}
